
Microsoft Visual Studio Solution File, Format Version 12.00
# Visual Studio 15
VisualStudioVersion = 15.0.28307.489
MinimumVisualStudioVersion = 10.0.40219.1
Project("{8BC9CEB8-8B4A-11D0-8D11-00A0C91BC942}") = "PathFinder", "PathFinder\PathFinder.vcxproj", "{073A97E6-8C17-4247-A004-6C6F0EE29DBC}"
EndProject
Global
	GlobalSection(SolutionConfigurationPlatforms) = preSolution
		Debug|x64 = Debug|x64
		Debug|x86 = Debug|x86
		Release|x64 = Release|x64
		Release|x86 = Release|x86
	EndGlobalSection
	GlobalSection(ProjectConfigurationPlatforms) = postSolution
		{073A97E6-8C17-4247-A004-6C6F0EE29DBC}.Debug|x64.ActiveCfg = Debug|x64
		{073A97E6-8C17-4247-A004-6C6F0EE29DBC}.Debug|x64.Build.0 = Debug|x64
		{073A97E6-8C17-4247-A004-6C6F0EE29DBC}.Debug|x86.ActiveCfg = Debug|Win32
		{073A97E6-8C17-4247-A004-6C6F0EE29DBC}.Debug|x86.Build.0 = Debug|Win32
		{073A97E6-8C17-4247-A004-6C6F0EE29DBC}.Release|x64.ActiveCfg = Release|x64
		{073A97E6-8C17-4247-A004-6C6F0EE29DBC}.Release|x64.Build.0 = Release|x64
		{073A97E6-8C17-4247-A004-6C6F0EE29DBC}.Release|x86.ActiveCfg = Release|Win32
		{073A97E6-8C17-4247-A004-6C6F0EE29DBC}.Release|x86.Build.0 = Release|Win32
	EndGlobalSection
	GlobalSection(SolutionProperties) = preSolution
		HideSolutionNode = FALSE
	EndGlobalSection
	GlobalSection(ExtensibilityGlobals) = postSolution
		SolutionGuid = {5DFC73E2-96E3-4E15-B3AD-524CBDC564E1}
	EndGlobalSection
EndGlobal
